// !$*UTF8*$!
{
	archiveVersion = 1;
	classes = {
	};
	objectVersion = 48;
	objects = {

/* Begin PBXBuildFile section */
		BF746FFA217DA8AA000607E6 /* AppDelegate.swift in Sources */ = {isa = PBXBuildFile; fileRef = BF746FF9217DA8AA000607E6 /* AppDelegate.swift */; };
		BF746FFC217DA8AA000607E6 /* ViewController.swift in Sources */ = {isa = PBXBuildFile; fileRef = BF746FFB217DA8AA000607E6 /* ViewController.swift */; };
		BF746FFF217DA8AA000607E6 /* Main.storyboard in Resources */ = {isa = PBXBuildFile; fileRef = BF746FFD217DA8AA000607E6 /* Main.storyboard */; };
		BF747002217DA8AA000607E6 /* AdabMakan.xcdatamodeld in Sources */ = {isa = PBXBuildFile; fileRef = BF747000217DA8AA000607E6 /* AdabMakan.xcdatamodeld */; };
		BF747004217DA8AA000607E6 /* Assets.xcassets in Resources */ = {isa = PBXBuildFile; fileRef = BF747003217DA8AA000607E6 /* Assets.xcassets */; };
		BF747007217DA8AA000607E6 /* LaunchScreen.storyboard in Resources */ = {isa = PBXBuildFile; fileRef = BF747005217DA8AA000607E6 /* LaunchScreen.storyboard */; };
/* End PBXBuildFile section */

/* Begin PBXFileReference section */
		BF746FF6217DA8AA000607E6 /* AdabMakan.app */ = {isa = PBXFileReference; explicitFileType = wrapper.application; includeInIndex = 0; path = AdabMakan.app; sourceTree = BUILT_PRODUCTS_DIR; };
		BF746FF9217DA8AA000607E6 /* AppDelegate.swift */ = {isa = PBXFileReference; lastKnownFileType = sourcecode.swift; path = AppDelegate.swift; sourceTree = "<group>"; };
		BF746FFB217DA8AA000607E6 /* ViewController.swift */ = {isa = PBXFileReference; lastKnownFileType = sourcecode.swift; path = ViewController.swift; sourceTree = "<group>"; };
		BF746FFE217DA8AA000607E6 /* Base */ = {isa = PBXFileReference; lastKnownFileType = file.storyboard; name = Base; path = Base.lproj/Main.storyboard; sourceTree = "<group>"; };
		BF747001217DA8AA000607E6 /* AdabMakan.xcdatamodel */ = {isa = PBXFileReference; lastKnownFileType = wrapper.xcdatamodel; path = AdabMakan.xcdatamodel; sourceTree = "<group>"; };
		BF747003217DA8AA000607E6 /* Assets.xcassets */ = {isa = PBXFileReference; lastKnownFileType = folder.assetcatalog; path = Assets.xcassets; sourceTree = "<group>"; };
		BF747006217DA8AA000607E6 /* Base */ = {isa = PBXFileReference; lastKnownFileType = file.storyboard; name = Base; path = Base.lproj/LaunchScreen.storyboard; sourceTree = "<group>"; };
		BF747008217DA8AA000607E6 /* Info.plist */ = {isa = PBXFileReference; lastKnownFileType = text.plist.xml; path = Info.plist; sourceTree = "<group>"; };
/* End PBXFileReference section */

/* Begin PBXFrameworksBuildPhase section */
		BF746FF3217DA8AA000607E6 /* Frameworks */ = {
			isa = PBXFrameworksBuildPhase;
			buildActionMask = 2147483647;
			files = (
			);
			runOnlyForDeploymentPostprocessing = 0;
		};
/* End PBXFrameworksBuildPhase section */

/* Begin PBXGroup section */
		BF746FED217DA8AA000607E6 = {
			isa = PBXGroup;
			children = (
				BF746FF8217DA8AA000607E6 /* AdabMakan */,
				BF746FF7217DA8AA000607E6 /* Products */,
			);
			sourceTree = "<group>";
		};
		BF746FF7217DA8AA000607E6 /* Products */ = {
			isa = PBXGroup;
			children = (
				BF746FF6217DA8AA000607E6 /* AdabMakan.app */,
			);
			name = Products;
			sourceTree = "<group>";
		};
		BF746FF8217DA8AA000607E6 /* AdabMakan */ = {
			isa = PBXGroup;
			children = (
				BF746FF9217DA8AA000607E6 /* AppDelegate.swift */,
				BF746FFB217DA8AA000607E6 /* ViewController.swift */,
				BF746FFD217DA8AA000607E6 /* Main.storyboard */,
				BF747003217DA8AA000607E6 /* Assets.xcassets */,
				BF747005217DA8AA000607E6 /* LaunchScreen.storyboard */,
				BF747008217DA8AA000607E6 /* Info.plist */,
				BF747000217DA8AA000607E6 /* AdabMakan.xcdatamodeld */,
			);
			path = AdabMakan;
			sourceTree = "<group>";
		};
/* End PBXGroup section */

/* Begin PBXNativeTarget section */
		BF746FF5217DA8AA000607E6 /* AdabMakan */ = {
			isa = PBXNativeTarget;
			buildConfigurationList = BF74700B217DA8AA000607E6 /* Build configuration list for PBXNativeTarget "AdabMakan" */;
			buildPhases = (
				BF746FF2217DA8AA000607E6 /* Sources */,
				BF746FF3217DA8AA000607E6 /* Frameworks */,
				BF746FF4217DA8AA000607E6 /* Resources */,
			);
			buildRules = (
			);
			dependencies = (
			);
			name = AdabMakan;
			productName = AdabMakan;
			productReference = BF746FF6217DA8AA000607E6 /* AdabMakan.app */;
			productType = "com.apple.product-type.application";
		};
/* End PBXNativeTarget section */

/* Begin PBXProject section */
		BF746FEE217DA8AA000607E6 /* Project object */ = {
			isa = PBXProject;
			attributes = {
				LastSwiftUpdateCheck = 0920;
				LastUpgradeCheck = 0920;
				ORGANIZATIONNAME = Syams.org;
				TargetAttributes = {
					BF746FF5217DA8AA000607E6 = {
						CreatedOnToolsVersion = 9.2;
						ProvisioningStyle = Automatic;
					};
				};
			};
			buildConfigurationList = BF746FF1217DA8AA000607E6 /* Build configuration list for PBXProject "AdabMakan" */;
			compatibilityVersion = "Xcode 8.0";
			developmentRegion = en;
			hasScannedForEncodings = 0;
			knownRegions = (
				en,
				Base,
			);
			mainGroup = BF746FED217DA8AA000607E6;
			productRefGroup = BF746FF7217DA8AA000607E6 /* Products */;
			projectDirPath = "";
			projectRoot = "";
			targets = (
				BF746FF5217DA8AA000607E6 /* AdabMakan */,
			);
		};
/* End PBXProject section */

/* Begin PBXResourcesBuildPhase section */
		BF746FF4217DA8AA000607E6 /* Resources */ = {
			isa = PBXResourcesBuildPhase;
			buildActionMask = 2147483647;
			files = (
				BF747007217DA8AA000607E6 /* LaunchScreen.storyboard in Resources */,
				BF747004217DA8AA000607E6 /* Assets.xcassets in Resources */,
				BF746FFF217DA8AA000607E6 /* Main.storyboard in Resources */,
			);
			runOnlyForDeploymentPostprocessing = 0;
		};
/* End PBXResourcesBuildPhase section */

/* Begin PBXSourcesBuildPhase section */
		BF746FF2217DA8AA000607E6 /* Sources */ = {
			isa = PBXSourcesBuildPhase;
			buildActionMask = 2147483647;
			files = (
				BF747002217DA8AA000607E6 /* AdabMakan.xcdatamodeld in Sources */,
				BF746FFC217DA8AA000607E6 /* ViewController.swift in Sources */,
				BF746FFA217DA8AA000607E6 /* AppDelegate.swift in Sources */,
			);
			runOnlyForDeploymentPostprocessing = 0;
		};
/* End PBXSourcesBuildPhase section */

/* Begin PBXVariantGroup section */
		BF746FFD217DA8AA000607E6 /* Main.storyboard */ = {
			isa = PBXVariantGroup;
			children = (
				BF746FFE217DA8AA000607E6 /* Base */,
			);
			name = Main.storyboard;
			sourceTree = "<group>";
		};
		BF747005217DA8AA000607E6 /* LaunchScreen.storyboard */ = {
			isa = PBXVariantGroup;
			children = (
				BF747006217DA8AA000607E6 /* Base */,
			);
			name = LaunchScreen.storyboard;
			sourceTree = "<group>";
		};
/* End PBXVariantGroup section */

/* Begin XCBuildConfiguration section */
		BF747009217DA8AA000607E6 /* Debug */ = {
			isa = XCBuildConfiguration;
			buildSettings = {
				ALWAYS_SEARCH_USER_PATHS = NO;
				CLANG_ANALYZER_NONNULL = YES;
				CLANG_ANALYZER_NUMBER_OBJECT_CONVERSION = YES_AGGRESSIVE;
				CLANG_CXX_LANGUAGE_STANDARD = "gnu++14";
				CLANG_CXX_LIBRARY = "libc++";
				CLANG_ENABLE_MODULES = YES;
				CLANG_ENABLE_OBJC_ARC = YES;
				CLANG_WARN_BLOCK_CAPTURE_AUTORELEASING = YES;
				CLANG_WARN_BOOL_CONVERSION = YES;
				CLANG_WARN_COMMA = YES;
				CLANG_WARN_CONSTANT_CONVERSION = YES;
				CLANG_WARN_DIRECT_OBJC_ISA_USAGE = YES_ERROR;
				CLANG_WARN_DOCUMENTATION_COMMENTS = YES;
				CLANG_WARN_EMPTY_BODY = YES;
				CLANG_WARN_ENUM_CONVERSION = YES;
				CLANG_WARN_INFINITE_RECURSION = YES;
				CLANG_WARN_INT_CONVERSION = YES;
				CLANG_WARN_NON_LITERAL_NULL_CONVERSION = YES;
				CLANG_WARN_OBJC_LITERAL_CONVERSION = YES;
				CLANG_WARN_OBJC_ROOT_CLASS = YES_ERROR;
				CLANG_WARN_RANGE_LOOP_ANALYSIS = YES;
				CLANG_WARN_STRICT_PROTOTYPES = YES;
				CLANG_WARN_SUSPICIOUS_MOVE = YES;
				CLANG_WARN_UNGUARDED_AVAILABILITY = YES_AGGRESSIVE;
				CLANG_WARN_UNREACHABLE_CODE = YES;
				CLANG_WARN__DUPLICATE_METHOD_MATCH = YES;
				CODE_SIGN_IDENTITY = "iPhone Developer";
				COPY_PHASE_STRIP = NO;
				DEBUG_INFORMATION_FORMAT = dwarf;
				ENABLE_STRICT_OBJC_MSGSEND = YES;
				ENABLE_TESTABILITY = YES;
				GCC_C_LANGUAGE_STANDARD = gnu11;
				GCC_DYNAMIC_NO_PIC = NO;
				GCC_NO_COMMON_BLOCKS = YES;
				GCC_OPTIMIZATION_LEVEL = 0;
				GCC_PREPROCESSOR_DEFINITIONS = (
					"DEBUG=1",
					"$(inherited)",
				);
				GCC_WARN_64_TO_32_BIT_CONVERSION = YES;
				GCC_WARN_ABOUT_RETURN_TYPE = YES_ERROR;
				GCC_WARN_UNDECLARED_SELECTOR = YES;
				GCC_WARN_UNINITIALIZED_AUTOS = YES_AGGRESSIVE;
				GCC_WARN_UNUSED_FUNCTION = YES;
				GCC_WARN_UNUSED_VARIABLE = YES;
				IPHONEOS_DEPLOYMENT_TARGET = 11.2;
				MTL_ENABLE_DEBUG_INFO = YES;
				ONLY_ACTIVE_ARCH = YES;
				SDKROOT = iphoneos;
				SWIFT_ACTIVE_COMPILATION_CONDITIONS = DEBUG;
				SWIFT_OPTIMIZATION_LEVEL = "-Onone";
			};
			name = Debug;
		};
		BF74700A217DA8AA000607E6 /* Release */ = {
			isa = XCBuildConfiguration;
			buildSettings = {
				ALWAYS_SEARCH_USER_PATHS = NO;
				CLANG_ANALYZER_NONNULL = YES;
				CLANG_ANALYZER_NUMBER_OBJECT_CONVERSION = YES_AGGRESSIVE;
				CLANG_CXX_LANGUAGE_STANDARD = "gnu++14";
				CLANG_CXX_LIBRARY = "libc++";
				CLANG_ENABLE_MODULES = YES;
				CLANG_ENABLE_OBJC_ARC = YES;
				CLANG_WARN_BLOCK_CAPTURE_AUTORELEASING = YES;
				CLANG_WARN_BOOL_CONVERSION = YES;
				CLANG_WARN_COMMA = YES;
				CLANG_WARN_CONSTANT_CONVERSION = YES;
				CLANG_WARN_DIRECT_OBJC_ISA_USAGE = YES_ERROR;
				CLANG_WARN_DOCUMENTATION_COMMENTS = YES;
				CLANG_WARN_EMPTY_BODY = YES;
				CLANG_WARN_ENUM_CONVERSION = YES;
				CLANG_WARN_INFINITE_RECURSION = YES;
				CLANG_WARN_INT_CONVERSION = YES;
				CLANG_WARN_NON_LITERAL_NULL_CONVERSION = YES;
				CLANG_WARN_OBJC_LITERAL_CONVERSION = YES;
				CLANG_WARN_OBJC_ROOT_CLASS = YES_ERROR;
				CLANG_WARN_RANGE_LOOP_ANALYSIS = YES;
				CLANG_WARN_STRICT_PROTOTYPES = YES;
				CLANG_WARN_SUSPICIOUS_MOVE = YES;
				CLANG_WARN_UNGUARDED_AVAILABILITY = YES_AGGRESSIVE;
				CLANG_WARN_UNREACHABLE_CODE = YES;
				CLANG_WARN__DUPLICATE_METHOD_MATCH = YES;
				CODE_SIGN_IDENTITY = "iPhone Developer";
				COPY_PHASE_STRIP = NO;
				DEBUG_INFORMATION_FORMAT = "dwarf-with-dsym";
				ENABLE_NS_ASSERTIONS = NO;
				ENABLE_STRICT_OBJC_MSGSEND = YES;
				GCC_C_LANGUAGE_STANDARD = gnu11;
				GCC_NO_COMMON_BLOCKS = YES;
				GCC_WARN_64_TO_32_BIT_CONVERSION = YES;
				GCC_WARN_ABOUT_RETURN_TYPE = YES_ERROR;
				GCC_WARN_UNDECLARED_SELECTOR = YES;
				GCC_WARN_UNINITIALIZED_AUTOS = YES_AGGRESSIVE;
				GCC_WARN_UNUSED_FUNCTION = YES;
				GCC_WARN_UNUSED_VARIABLE = YES;
				IPHONEOS_DEPLOYMENT_TARGET = 11.2;
				MTL_ENABLE_DEBUG_INFO = NO;
				SDKROOT = iphoneos;
				SWIFT_OPTIMIZATION_LEVEL = "-Owholemodule";
				VALIDATE_PRODUCT = YES;
			};
			name = Release;
		};
		BF74700C217DA8AA000607E6 /* Debug */ = {
			isa = XCBuildConfiguration;
			buildSettings = {
				ASSETCATALOG_COMPILER_APPICON_NAME = AppIcon;
				CODE_SIGN_STYLE = Automatic;
				INFOPLIST_FILE = AdabMakan/Info.plist;
				LD_RUNPATH_SEARCH_PATHS = "$(inherited) @executable_path/Frameworks";
				PRODUCT_BUNDLE_IDENTIFIER = syamsorg.AdabMakan;
				PRODUCT_NAME = "$(TARGET_NAME)";
				SWIFT_VERSION = 4.0;
				TARGETED_DEVICE_FAMILY = "1,2";
			};
			name = Debug;
		};
		BF74700D217DA8AA000607E6 /* Release */ = {
			isa = XCBuildConfiguration;
			buildSettings = {
				ASSETCATALOG_COMPILER_APPICON_NAME = AppIcon;
				CODE_SIGN_STYLE = Automatic;
				INFOPLIST_FILE = AdabMakan/Info.plist;
				LD_RUNPATH_SEARCH_PATHS = "$(inherited) @executable_path/Frameworks";
				PRODUCT_BUNDLE_IDENTIFIER = syamsorg.AdabMakan;
				PRODUCT_NAME = "$(TARGET_NAME)";
				SWIFT_VERSION = 4.0;
				TARGETED_DEVICE_FAMILY = "1,2";
			};
			name = Release;
		};
/* End XCBuildConfiguration section */

/* Begin XCConfigurationList section */
		BF746FF1217DA8AA000607E6 /* Build configuration list for PBXProject "AdabMakan" */ = {
			isa = XCConfigurationList;
			buildConfigurations = (
				BF747009217DA8AA000607E6 /* Debug */,
				BF74700A217DA8AA000607E6 /* Release */,
			);
			defaultConfigurationIsVisible = 0;
			defaultConfigurationName = Release;
		};
		BF74700B217DA8AA000607E6 /* Build configuration list for PBXNativeTarget "AdabMakan" */ = {
			isa = XCConfigurationList;
			buildConfigurations = (
				BF74700C217DA8AA000607E6 /* Debug */,
				BF74700D217DA8AA000607E6 /* Release */,
			);
			defaultConfigurationIsVisible = 0;
			defaultConfigurationName = Release;
		};
/* End XCConfigurationList section */

/* Begin XCVersionGroup section */
		BF747000217DA8AA000607E6 /* AdabMakan.xcdatamodeld */ = {
			isa = XCVersionGroup;
			children = (
				BF747001217DA8AA000607E6 /* AdabMakan.xcdatamodel */,
			);
			currentVersion = BF747001217DA8AA000607E6 /* AdabMakan.xcdatamodel */;
			path = AdabMakan.xcdatamodeld;
			sourceTree = "<group>";
			versionGroupType = wrapper.xcdatamodel;
		};
/* End XCVersionGroup section */
	};
	rootObject = BF746FEE217DA8AA000607E6 /* Project object */;
}
